{"is_source_file": false, "format": "", "description": "", "external_files": [], "external_methods": [], "published": [], "classes": [], "methods": [], "calls": [], "search-terms": [], "state": 2, "file_id": 4, "knowledge_revision": 27, "git_revision": "053140d4bc4df8094194716cf79cf9981edeecc3", "hash": "e9b4c3b42cef0193b7fddb548d37e652", "format-version": 4, "code-base-name": "default", "filename": "easyevent_calendar/post_process_status.lock", "revision_history": [{"27": "053140d4bc4df8094194716cf79cf9981edeecc3"}]}